
Microsoft Visual Studio Solution File, Format Version 12.00
# Visual Studio Version 16
VisualStudioVersion = 16.0.30611.23
MinimumVisualStudioVersion = 15.0.26124.0
Project("{FAE04EC0-301F-11D3-BF4B-00C04F79EFBC}") = "Vika.Objects", "Objects/Vika.Objects.csproj", "3e561221-dd58-4243-b2ae-034612359c2e"
EndProject
Project("{FAE04EC0-301F-11D3-BF4B-00C04F79EFBC}") = "Vika.Tests", "Tests/Vika.Tests.csproj", "9e48b73e-62f8-46eb-8dda-3ccedcd78b12"
EndProject
Project("{FAE04EC0-301F-11D3-BF4B-00C04F79EFBC}") = "Vika.ODataBackend", "ODataBackend/Vika.ODataBackend.csproj", "92600daa-15ab-4f77-84f6-32523f8a060e"
EndProject
Project("{FAE04EC0-301F-11D3-BF4B-00C04F79EFBC}") = "Vika.IntegrationTests", "IntegrationTests/Vika.IntegrationTests.csproj", "343de2a4-eaa1-4a57-b370-8c24b0c50b28"
EndProject
Global
	GlobalSection(SolutionConfigurationPlatforms) = preSolution
Debug|Any CPU = Debug|Any CPU
Release|Any CPU = Release|Any CPU
	EndGlobalSection
	GlobalSection(ProjectConfigurationPlatforms) = postSolution
		3e561221-dd58-4243-b2ae-034612359c2e.Debug|Any CPU.ActiveCfg = Debug|Any CPU
		3e561221-dd58-4243-b2ae-034612359c2e.Debug|Any CPU.Build.0 = Debug|Any CPU
		3e561221-dd58-4243-b2ae-034612359c2e.Release|Any CPU.ActiveCfg = Release|Any CPU
		3e561221-dd58-4243-b2ae-034612359c2e.Release|Any CPU.Build.0 = Release|Any CPU
		9e48b73e-62f8-46eb-8dda-3ccedcd78b12.Debug|Any CPU.ActiveCfg = Debug|Any CPU
		9e48b73e-62f8-46eb-8dda-3ccedcd78b12.Debug|Any CPU.Build.0 = Debug|Any CPU
		9e48b73e-62f8-46eb-8dda-3ccedcd78b12.Release|Any CPU.ActiveCfg = Release|Any CPU
		9e48b73e-62f8-46eb-8dda-3ccedcd78b12.Release|Any CPU.Build.0 = Release|Any CPU
		92600daa-15ab-4f77-84f6-32523f8a060e.Debug|Any CPU.ActiveCfg = Debug|Any CPU
		92600daa-15ab-4f77-84f6-32523f8a060e.Debug|Any CPU.Build.0 = Debug|Any CPU
		92600daa-15ab-4f77-84f6-32523f8a060e.Release|Any CPU.ActiveCfg = Release|Any CPU
		92600daa-15ab-4f77-84f6-32523f8a060e.Release|Any CPU.Build.0 = Release|Any CPU
		343de2a4-eaa1-4a57-b370-8c24b0c50b28.Debug|Any CPU.ActiveCfg = Debug|Any CPU
		343de2a4-eaa1-4a57-b370-8c24b0c50b28.Debug|Any CPU.Build.0 = Debug|Any CPU
		343de2a4-eaa1-4a57-b370-8c24b0c50b28.Release|Any CPU.ActiveCfg = Release|Any CPU
		343de2a4-eaa1-4a57-b370-8c24b0c50b28.Release|Any CPU.Build.0 = Release|Any CPU
	EndGlobalSection
	GlobalSection(SolutionProperties) = preSolution
		HideSolutionNode = FALSE
	EndGlobalSection
EndGlobal
